
Microsoft Visual Studio Solution File, Format Version 12.00
Project("{FAE04EC0-301F-11D3-BF4B-00C04F79EFBC}") = "AntonReleaseCenter.Server", "AntonReleaseCenter.Server\AntonReleaseCenter.Server.csproj", "{B0A4CA32-14BC-485C-ABC4-A991A3561E63}"
EndProject
Project("{FAE04EC0-301F-11D3-BF4B-00C04F79EFBC}") = "AntonReleaseCenter.Web", "AntonReleaseCenter.Web\AntonReleaseCenter.Web.csproj", "{4741ED6A-0102-49FC-8D39-CB6AB7E702F2}"
EndProject
Project("{FAE04EC0-301F-11D3-BF4B-00C04F79EFBC}") = "AntonReleaseCenter.Core", "AntonReleaseCenter.Core\AntonReleaseCenter.Core.csproj", "{04FE0F6B-A9BD-4226-ABEC-A3AE344D13CF}"
EndProject
Global
	GlobalSection(SolutionConfigurationPlatforms) = preSolution
		Debug|Any CPU = Debug|Any CPU
		Release|Any CPU = Release|Any CPU
	EndGlobalSection
	GlobalSection(ProjectConfigurationPlatforms) = postSolution
		{B0A4CA32-14BC-485C-ABC4-A991A3561E63}.Debug|Any CPU.ActiveCfg = Debug|Any CPU
		{B0A4CA32-14BC-485C-ABC4-A991A3561E63}.Debug|Any CPU.Build.0 = Debug|Any CPU
		{B0A4CA32-14BC-485C-ABC4-A991A3561E63}.Release|Any CPU.ActiveCfg = Release|Any CPU
		{B0A4CA32-14BC-485C-ABC4-A991A3561E63}.Release|Any CPU.Build.0 = Release|Any CPU
		{4741ED6A-0102-49FC-8D39-CB6AB7E702F2}.Debug|Any CPU.ActiveCfg = Debug|Any CPU
		{4741ED6A-0102-49FC-8D39-CB6AB7E702F2}.Debug|Any CPU.Build.0 = Debug|Any CPU
		{4741ED6A-0102-49FC-8D39-CB6AB7E702F2}.Release|Any CPU.ActiveCfg = Release|Any CPU
		{4741ED6A-0102-49FC-8D39-CB6AB7E702F2}.Release|Any CPU.Build.0 = Release|Any CPU
		{04FE0F6B-A9BD-4226-ABEC-A3AE344D13CF}.Debug|Any CPU.ActiveCfg = Debug|Any CPU
		{04FE0F6B-A9BD-4226-ABEC-A3AE344D13CF}.Debug|Any CPU.Build.0 = Debug|Any CPU
		{04FE0F6B-A9BD-4226-ABEC-A3AE344D13CF}.Release|Any CPU.ActiveCfg = Release|Any CPU
		{04FE0F6B-A9BD-4226-ABEC-A3AE344D13CF}.Release|Any CPU.Build.0 = Release|Any CPU
	EndGlobalSection
EndGlobal
